{
  "requires": true,
  "lockfileVersion": 1,
  "dependencies": {
    "lightninghands-frame-print": {
      "version": "1.0.1",
      "resolved": "https://registry.npmjs.org/lightninghands-frame-print/-/lightninghands-frame-print-1.0.1.tgz",
      "integrity": "sha512-hp9gz0JDBQAWAnCOuyFpOHephm06mnbaw1f7imAh29lrRRYj0uqIvSdJ5Pp3huAF3P0pgS8wYTZ0r7RXgtIvjg=="
    }
  }
}
